
Microsoft Visual Studio Solution File, Format Version 12.00
# Visual Studio Version 17
VisualStudioVersion = 17.4.33205.214
MinimumVisualStudioVersion = 10.0.40219.1
Project("{FAE04EC0-301F-11D3-BF4B-00C04F79EFBC}") = "projectApp", "projectApp.csproj", "{BFE4D555-A2F6-4DEE-8A2E-D38BE295E48E}"
EndProject
Global
	GlobalSection(SolutionConfigurationPlatforms) = preSolution
		Debug|Any CPU = Debug|Any CPU
		Release|Any CPU = Release|Any CPU
	EndGlobalSection
	GlobalSection(ProjectConfigurationPlatforms) = postSolution
		{BFE4D555-A2F6-4DEE-8A2E-D38BE295E48E}.Debug|Any CPU.ActiveCfg = Debug|Any CPU
		{BFE4D555-A2F6-4DEE-8A2E-D38BE295E48E}.Debug|Any CPU.Build.0 = Debug|Any CPU
		{BFE4D555-A2F6-4DEE-8A2E-D38BE295E48E}.Release|Any CPU.ActiveCfg = Release|Any CPU
		{BFE4D555-A2F6-4DEE-8A2E-D38BE295E48E}.Release|Any CPU.Build.0 = Release|Any CPU
	EndGlobalSection
	GlobalSection(SolutionProperties) = preSolution
		HideSolutionNode = FALSE
	EndGlobalSection
	GlobalSection(ExtensibilityGlobals) = postSolution
		SolutionGuid = {7D75F229-3FEA-4C0A-AEFE-05BFB64E1125}
	EndGlobalSection
EndGlobal
